
Microsoft Visual Studio Solution File, Format Version 12.00
# Visual Studio Version 16
VisualStudioVersion = 16.0.31702.278
MinimumVisualStudioVersion = 10.0.40219.1
Project("{9A19103F-16F7-4668-BE54-9A1E7A4F7556}") = "TextEditor", "TextEditor\TextEditor.csproj", "{768AD204-E867-47E0-8132-7574B389A280}"
EndProject
Global
	GlobalSection(SolutionConfigurationPlatforms) = preSolution
		Debug|Any CPU = Debug|Any CPU
		Release|Any CPU = Release|Any CPU
	EndGlobalSection
	GlobalSection(ProjectConfigurationPlatforms) = postSolution
		{768AD204-E867-47E0-8132-7574B389A280}.Debug|Any CPU.ActiveCfg = Debug|Any CPU
		{768AD204-E867-47E0-8132-7574B389A280}.Debug|Any CPU.Build.0 = Debug|Any CPU
		{768AD204-E867-47E0-8132-7574B389A280}.Release|Any CPU.ActiveCfg = Release|Any CPU
		{768AD204-E867-47E0-8132-7574B389A280}.Release|Any CPU.Build.0 = Release|Any CPU
	EndGlobalSection
	GlobalSection(SolutionProperties) = preSolution
		HideSolutionNode = FALSE
	EndGlobalSection
	GlobalSection(ExtensibilityGlobals) = postSolution
		SolutionGuid = {F031045B-CD07-4958-9E99-C3D6C990F0E9}
	EndGlobalSection
EndGlobal
